
Microsoft Visual Studio Solution File, Format Version 12.00
# Visual Studio 14
VisualStudioVersion = 14.0.25420.1
MinimumVisualStudioVersion = 10.0.40219.1
Project("{FAE04EC0-301F-11D3-BF4B-00C04F79EFBC}") = "Ex1-BiggestSubset", "Ex1-BiggestSubset\Ex1-BiggestSubset.csproj", "{3FB5D1EA-089E-4C74-AEA0-B06543745B5F}"
EndProject
Global
	GlobalSection(SolutionConfigurationPlatforms) = preSolution
		Debug|Any CPU = Debug|Any CPU
		Release|Any CPU = Release|Any CPU
	EndGlobalSection
	GlobalSection(ProjectConfigurationPlatforms) = postSolution
		{3FB5D1EA-089E-4C74-AEA0-B06543745B5F}.Debug|Any CPU.ActiveCfg = Debug|Any CPU
		{3FB5D1EA-089E-4C74-AEA0-B06543745B5F}.Debug|Any CPU.Build.0 = Debug|Any CPU
		{3FB5D1EA-089E-4C74-AEA0-B06543745B5F}.Release|Any CPU.ActiveCfg = Release|Any CPU
		{3FB5D1EA-089E-4C74-AEA0-B06543745B5F}.Release|Any CPU.Build.0 = Release|Any CPU
	EndGlobalSection
	GlobalSection(SolutionProperties) = preSolution
		HideSolutionNode = FALSE
	EndGlobalSection
EndGlobal
