
Microsoft Visual Studio Solution File, Format Version 12.00
# Visual Studio 15
VisualStudioVersion = 15.0.28307.136
MinimumVisualStudioVersion = 10.0.40219.1
Project("{FAE04EC0-301F-11D3-BF4B-00C04F79EFBC}") = "Ex19-OnOfVowels", "Ex19-OnOfVowels\Ex19-OnOfVowels.csproj", "{B34C8EC4-D230-4DFE-9A89-C9364F54F5B7}"
EndProject
Global
	GlobalSection(SolutionConfigurationPlatforms) = preSolution
		Debug|Any CPU = Debug|Any CPU
		Release|Any CPU = Release|Any CPU
	EndGlobalSection
	GlobalSection(ProjectConfigurationPlatforms) = postSolution
		{B34C8EC4-D230-4DFE-9A89-C9364F54F5B7}.Debug|Any CPU.ActiveCfg = Debug|Any CPU
		{B34C8EC4-D230-4DFE-9A89-C9364F54F5B7}.Debug|Any CPU.Build.0 = Debug|Any CPU
		{B34C8EC4-D230-4DFE-9A89-C9364F54F5B7}.Release|Any CPU.ActiveCfg = Release|Any CPU
		{B34C8EC4-D230-4DFE-9A89-C9364F54F5B7}.Release|Any CPU.Build.0 = Release|Any CPU
	EndGlobalSection
	GlobalSection(SolutionProperties) = preSolution
		HideSolutionNode = FALSE
	EndGlobalSection
	GlobalSection(ExtensibilityGlobals) = postSolution
		SolutionGuid = {27CB6D33-B94D-47EA-BE64-AE933CC938E4}
	EndGlobalSection
EndGlobal
