
Microsoft Visual Studio Solution File, Format Version 12.00
# Visual Studio 14
VisualStudioVersion = 14.0.25420.1
MinimumVisualStudioVersion = 10.0.40219.1
Project("{FAE04EC0-301F-11D3-BF4B-00C04F79EFBC}") = "App2-SimpleCSharpApp", "App2-SimpleCSharpApp\App2-SimpleCSharpApp.csproj", "{7D2B965D-935F-4C6A-9706-7DB16AF743BB}"
EndProject
Global
	GlobalSection(SolutionConfigurationPlatforms) = preSolution
		Debug|Any CPU = Debug|Any CPU
		Release|Any CPU = Release|Any CPU
	EndGlobalSection
	GlobalSection(ProjectConfigurationPlatforms) = postSolution
		{7D2B965D-935F-4C6A-9706-7DB16AF743BB}.Debug|Any CPU.ActiveCfg = Debug|Any CPU
		{7D2B965D-935F-4C6A-9706-7DB16AF743BB}.Debug|Any CPU.Build.0 = Debug|Any CPU
		{7D2B965D-935F-4C6A-9706-7DB16AF743BB}.Release|Any CPU.ActiveCfg = Release|Any CPU
		{7D2B965D-935F-4C6A-9706-7DB16AF743BB}.Release|Any CPU.Build.0 = Release|Any CPU
	EndGlobalSection
	GlobalSection(SolutionProperties) = preSolution
		HideSolutionNode = FALSE
	EndGlobalSection
EndGlobal
