
Microsoft Visual Studio Solution File, Format Version 12.00
# Visual Studio 15
VisualStudioVersion = 15.0.28307.136
MinimumVisualStudioVersion = 10.0.40219.1
Project("{FAE04EC0-301F-11D3-BF4B-00C04F79EFBC}") = "Ex22-Stopwatch", "Ex22-Stopwatch\Ex22-Stopwatch.csproj", "{6C20A966-C0A3-4F9D-8508-DD32B7B80BAC}"
EndProject
Global
	GlobalSection(SolutionConfigurationPlatforms) = preSolution
		Debug|Any CPU = Debug|Any CPU
		Release|Any CPU = Release|Any CPU
	EndGlobalSection
	GlobalSection(ProjectConfigurationPlatforms) = postSolution
		{6C20A966-C0A3-4F9D-8508-DD32B7B80BAC}.Debug|Any CPU.ActiveCfg = Debug|Any CPU
		{6C20A966-C0A3-4F9D-8508-DD32B7B80BAC}.Debug|Any CPU.Build.0 = Debug|Any CPU
		{6C20A966-C0A3-4F9D-8508-DD32B7B80BAC}.Release|Any CPU.ActiveCfg = Release|Any CPU
		{6C20A966-C0A3-4F9D-8508-DD32B7B80BAC}.Release|Any CPU.Build.0 = Release|Any CPU
	EndGlobalSection
	GlobalSection(SolutionProperties) = preSolution
		HideSolutionNode = FALSE
	EndGlobalSection
	GlobalSection(ExtensibilityGlobals) = postSolution
		SolutionGuid = {606FE0E0-9E9C-45D1-8A2D-D43CB3691080}
	EndGlobalSection
EndGlobal
