
Microsoft Visual Studio Solution File, Format Version 12.00
# Visual Studio 15
VisualStudioVersion = 15.0.28307.136
MinimumVisualStudioVersion = 10.0.40219.1
Project("{FAE04EC0-301F-11D3-BF4B-00C04F79EFBC}") = "Ex20-NbOfWordsInAFile", "Ex20-NbOfWordsInAFile\Ex20-NbOfWordsInAFile.csproj", "{EAE93294-CAD2-4AC0-8A13-BA3A4161DD38}"
EndProject
Global
	GlobalSection(SolutionConfigurationPlatforms) = preSolution
		Debug|Any CPU = Debug|Any CPU
		Release|Any CPU = Release|Any CPU
	EndGlobalSection
	GlobalSection(ProjectConfigurationPlatforms) = postSolution
		{EAE93294-CAD2-4AC0-8A13-BA3A4161DD38}.Debug|Any CPU.ActiveCfg = Debug|Any CPU
		{EAE93294-CAD2-4AC0-8A13-BA3A4161DD38}.Debug|Any CPU.Build.0 = Debug|Any CPU
		{EAE93294-CAD2-4AC0-8A13-BA3A4161DD38}.Release|Any CPU.ActiveCfg = Release|Any CPU
		{EAE93294-CAD2-4AC0-8A13-BA3A4161DD38}.Release|Any CPU.Build.0 = Release|Any CPU
	EndGlobalSection
	GlobalSection(SolutionProperties) = preSolution
		HideSolutionNode = FALSE
	EndGlobalSection
	GlobalSection(ExtensibilityGlobals) = postSolution
		SolutionGuid = {F3F1BF12-AB07-4DB9-8B91-4E44D0E89364}
	EndGlobalSection
EndGlobal
