
Microsoft Visual Studio Solution File, Format Version 12.00
# Visual Studio 15
VisualStudioVersion = 15.0.28307.136
MinimumVisualStudioVersion = 10.0.40219.1
Project("{FAE04EC0-301F-11D3-BF4B-00C04F79EFBC}") = "CorrectNumber", "CorrectNumber\CorrectNumber.csproj", "{86DE1228-A808-40F5-9D79-7B3BC53DADB5}"
EndProject
Global
	GlobalSection(SolutionConfigurationPlatforms) = preSolution
		Debug|Any CPU = Debug|Any CPU
		Release|Any CPU = Release|Any CPU
	EndGlobalSection
	GlobalSection(ProjectConfigurationPlatforms) = postSolution
		{86DE1228-A808-40F5-9D79-7B3BC53DADB5}.Debug|Any CPU.ActiveCfg = Debug|Any CPU
		{86DE1228-A808-40F5-9D79-7B3BC53DADB5}.Debug|Any CPU.Build.0 = Debug|Any CPU
		{86DE1228-A808-40F5-9D79-7B3BC53DADB5}.Release|Any CPU.ActiveCfg = Release|Any CPU
		{86DE1228-A808-40F5-9D79-7B3BC53DADB5}.Release|Any CPU.Build.0 = Release|Any CPU
	EndGlobalSection
	GlobalSection(SolutionProperties) = preSolution
		HideSolutionNode = FALSE
	EndGlobalSection
	GlobalSection(ExtensibilityGlobals) = postSolution
		SolutionGuid = {DA7B90C3-9285-4106-A091-924FB48C89F6}
	EndGlobalSection
EndGlobal
